// !$*UTF8*$!
{
	archiveVersion = 1;
	classes = {
	};
	objectVersion = 46;
	objects = {

/* Begin PBXBuildFile section */
		C846D76E08240CA5C9E7B947 /* Pods_Weather.framework in Frameworks */ = {isa = PBXBuildFile; fileRef = 0E82B61914FFB311516458F0 /* Pods_Weather.framework */; };
		E76893801DBA229D0021B219 /* Forecast.swift in Sources */ = {isa = PBXBuildFile; fileRef = E768937F1DBA229D0021B219 /* Forecast.swift */; };
		E76893821DBA28480021B219 /* WeatherModel.swift in Sources */ = {isa = PBXBuildFile; fileRef = E76893811DBA28480021B219 /* WeatherModel.swift */; };
		E7A52F5F1DB53A620052AC36 /* AppDelegate.swift in Sources */ = {isa = PBXBuildFile; fileRef = E7A52F5E1DB53A620052AC36 /* AppDelegate.swift */; };
		E7A52F611DB53A620052AC36 /* CurrentPlaceViewController.swift in Sources */ = {isa = PBXBuildFile; fileRef = E7A52F601DB53A620052AC36 /* CurrentPlaceViewController.swift */; };
		E7A52F631DB53A620052AC36 /* HomePlaceViewController.swift in Sources */ = {isa = PBXBuildFile; fileRef = E7A52F621DB53A620052AC36 /* HomePlaceViewController.swift */; };
		E7A52F661DB53A620052AC36 /* Main.storyboard in Resources */ = {isa = PBXBuildFile; fileRef = E7A52F641DB53A620052AC36 /* Main.storyboard */; };
		E7A52F681DB53A620052AC36 /* Assets.xcassets in Resources */ = {isa = PBXBuildFile; fileRef = E7A52F671DB53A620052AC36 /* Assets.xcassets */; };
		E7A52F6B1DB53A620052AC36 /* LaunchScreen.storyboard in Resources */ = {isa = PBXBuildFile; fileRef = E7A52F691DB53A620052AC36 /* LaunchScreen.storyboard */; };
/* End PBXBuildFile section */

/* Begin PBXFileReference section */
		0E82B61914FFB311516458F0 /* Pods_Weather.framework */ = {isa = PBXFileReference; explicitFileType = wrapper.framework; includeInIndex = 0; path = Pods_Weather.framework; sourceTree = BUILT_PRODUCTS_DIR; };
		E6299E2833CC89354FAD2E3B /* Pods-Weather.debug.xcconfig */ = {isa = PBXFileReference; includeInIndex = 1; lastKnownFileType = text.xcconfig; name = "Pods-Weather.debug.xcconfig"; path = "Pods/Target Support Files/Pods-Weather/Pods-Weather.debug.xcconfig"; sourceTree = "<group>"; };
		E768937F1DBA229D0021B219 /* Forecast.swift */ = {isa = PBXFileReference; fileEncoding = 4; lastKnownFileType = sourcecode.swift; path = Forecast.swift; sourceTree = "<group>"; };
		E76893811DBA28480021B219 /* WeatherModel.swift */ = {isa = PBXFileReference; fileEncoding = 4; lastKnownFileType = sourcecode.swift; path = WeatherModel.swift; sourceTree = "<group>"; };
		E7A52F5B1DB53A620052AC36 /* Weather.app */ = {isa = PBXFileReference; explicitFileType = wrapper.application; includeInIndex = 0; path = Weather.app; sourceTree = BUILT_PRODUCTS_DIR; };
		E7A52F5E1DB53A620052AC36 /* AppDelegate.swift */ = {isa = PBXFileReference; lastKnownFileType = sourcecode.swift; path = AppDelegate.swift; sourceTree = "<group>"; };
		E7A52F601DB53A620052AC36 /* CurrentPlaceViewController.swift */ = {isa = PBXFileReference; lastKnownFileType = sourcecode.swift; path = CurrentPlaceViewController.swift; sourceTree = "<group>"; };
		E7A52F621DB53A620052AC36 /* HomePlaceViewController.swift */ = {isa = PBXFileReference; lastKnownFileType = sourcecode.swift; path = HomePlaceViewController.swift; sourceTree = "<group>"; };
		E7A52F651DB53A620052AC36 /* Base */ = {isa = PBXFileReference; lastKnownFileType = file.storyboard; name = Base; path = Base.lproj/Main.storyboard; sourceTree = "<group>"; };
		E7A52F671DB53A620052AC36 /* Assets.xcassets */ = {isa = PBXFileReference; lastKnownFileType = folder.assetcatalog; path = Assets.xcassets; sourceTree = "<group>"; };
		E7A52F6A1DB53A620052AC36 /* Base */ = {isa = PBXFileReference; lastKnownFileType = file.storyboard; name = Base; path = Base.lproj/LaunchScreen.storyboard; sourceTree = "<group>"; };
		E7A52F6C1DB53A620052AC36 /* Info.plist */ = {isa = PBXFileReference; lastKnownFileType = text.plist.xml; path = Info.plist; sourceTree = "<group>"; };
		E8402634F96E814F645DF32C /* Pods-Weather.release.xcconfig */ = {isa = PBXFileReference; includeInIndex = 1; lastKnownFileType = text.xcconfig; name = "Pods-Weather.release.xcconfig"; path = "Pods/Target Support Files/Pods-Weather/Pods-Weather.release.xcconfig"; sourceTree = "<group>"; };
/* End PBXFileReference section */

/* Begin PBXFrameworksBuildPhase section */
		E7A52F581DB53A620052AC36 /* Frameworks */ = {
			isa = PBXFrameworksBuildPhase;
			buildActionMask = 2147483647;
			files = (
				C846D76E08240CA5C9E7B947 /* Pods_Weather.framework in Frameworks */,
			);
			runOnlyForDeploymentPostprocessing = 0;
		};
/* End PBXFrameworksBuildPhase section */

/* Begin PBXGroup section */
		86C595E21E2F9CC66CDBF861 /* Pods */ = {
			isa = PBXGroup;
			children = (
				E6299E2833CC89354FAD2E3B /* Pods-Weather.debug.xcconfig */,
				E8402634F96E814F645DF32C /* Pods-Weather.release.xcconfig */,
			);
			name = Pods;
			sourceTree = "<group>";
		};
		ADEC55EECFDF90BB85CE2EFA /* Frameworks */ = {
			isa = PBXGroup;
			children = (
				0E82B61914FFB311516458F0 /* Pods_Weather.framework */,
			);
			name = Frameworks;
			sourceTree = "<group>";
		};
		E7A52F521DB53A620052AC36 = {
			isa = PBXGroup;
			children = (
				E7A52F5D1DB53A620052AC36 /* Weather */,
				E7A52F5C1DB53A620052AC36 /* Products */,
				86C595E21E2F9CC66CDBF861 /* Pods */,
				ADEC55EECFDF90BB85CE2EFA /* Frameworks */,
			);
			sourceTree = "<group>";
		};
		E7A52F5C1DB53A620052AC36 /* Products */ = {
			isa = PBXGroup;
			children = (
				E7A52F5B1DB53A620052AC36 /* Weather.app */,
			);
			name = Products;
			sourceTree = "<group>";
		};
		E7A52F5D1DB53A620052AC36 /* Weather */ = {
			isa = PBXGroup;
			children = (
				E7A52F5E1DB53A620052AC36 /* AppDelegate.swift */,
				E7A52F601DB53A620052AC36 /* CurrentPlaceViewController.swift */,
				E7A52F621DB53A620052AC36 /* HomePlaceViewController.swift */,
				E7A52F641DB53A620052AC36 /* Main.storyboard */,
				E7A52F671DB53A620052AC36 /* Assets.xcassets */,
				E7A52F691DB53A620052AC36 /* LaunchScreen.storyboard */,
				E7A52F6C1DB53A620052AC36 /* Info.plist */,
				E768937F1DBA229D0021B219 /* Forecast.swift */,
				E76893811DBA28480021B219 /* WeatherModel.swift */,
			);
			path = Weather;
			sourceTree = "<group>";
		};
/* End PBXGroup section */

/* Begin PBXNativeTarget section */
		E7A52F5A1DB53A620052AC36 /* Weather */ = {
			isa = PBXNativeTarget;
			buildConfigurationList = E7A52F6F1DB53A620052AC36 /* Build configuration list for PBXNativeTarget "Weather" */;
			buildPhases = (
				82E282B144DD47C69523D598 /* [CP] Check Pods Manifest.lock */,
				E7A52F571DB53A620052AC36 /* Sources */,
				E7A52F581DB53A620052AC36 /* Frameworks */,
				E7A52F591DB53A620052AC36 /* Resources */,
				230DE91543E5B58A2EF25C9B /* [CP] Embed Pods Frameworks */,
				A4F1E978F0A72E15D4944353 /* [CP] Copy Pods Resources */,
			);
			buildRules = (
			);
			dependencies = (
			);
			name = Weather;
			productName = Weather;
			productReference = E7A52F5B1DB53A620052AC36 /* Weather.app */;
			productType = "com.apple.product-type.application";
		};
/* End PBXNativeTarget section */

/* Begin PBXProject section */
		E7A52F531DB53A620052AC36 /* Project object */ = {
			isa = PBXProject;
			attributes = {
				LastSwiftUpdateCheck = 0800;
				LastUpgradeCheck = 0800;
				ORGANIZATIONNAME = "Vladimir Ageev";
				TargetAttributes = {
					E7A52F5A1DB53A620052AC36 = {
						CreatedOnToolsVersion = 8.0;
						DevelopmentTeam = 25X7RU6WJ8;
						ProvisioningStyle = Automatic;
					};
				};
			};
			buildConfigurationList = E7A52F561DB53A620052AC36 /* Build configuration list for PBXProject "Weather" */;
			compatibilityVersion = "Xcode 3.2";
			developmentRegion = English;
			hasScannedForEncodings = 0;
			knownRegions = (
				en,
				Base,
			);
			mainGroup = E7A52F521DB53A620052AC36;
			productRefGroup = E7A52F5C1DB53A620052AC36 /* Products */;
			projectDirPath = "";
			projectRoot = "";
			targets = (
				E7A52F5A1DB53A620052AC36 /* Weather */,
			);
		};
/* End PBXProject section */

/* Begin PBXResourcesBuildPhase section */
		E7A52F591DB53A620052AC36 /* Resources */ = {
			isa = PBXResourcesBuildPhase;
			buildActionMask = 2147483647;
			files = (
				E7A52F6B1DB53A620052AC36 /* LaunchScreen.storyboard in Resources */,
				E7A52F681DB53A620052AC36 /* Assets.xcassets in Resources */,
				E7A52F661DB53A620052AC36 /* Main.storyboard in Resources */,
			);
			runOnlyForDeploymentPostprocessing = 0;
		};
/* End PBXResourcesBuildPhase section */

/* Begin PBXShellScriptBuildPhase section */
		230DE91543E5B58A2EF25C9B /* [CP] Embed Pods Frameworks */ = {
			isa = PBXShellScriptBuildPhase;
			buildActionMask = 2147483647;
			files = (
			);
			inputPaths = (
			);
			name = "[CP] Embed Pods Frameworks";
			outputPaths = (
			);
			runOnlyForDeploymentPostprocessing = 0;
			shellPath = /bin/sh;
			shellScript = "\"${SRCROOT}/Pods/Target Support Files/Pods-Weather/Pods-Weather-frameworks.sh\"\n";
			showEnvVarsInLog = 0;
		};
		82E282B144DD47C69523D598 /* [CP] Check Pods Manifest.lock */ = {
			isa = PBXShellScriptBuildPhase;
			buildActionMask = 2147483647;
			files = (
			);
			inputPaths = (
			);
			name = "[CP] Check Pods Manifest.lock";
			outputPaths = (
			);
			runOnlyForDeploymentPostprocessing = 0;
			shellPath = /bin/sh;
			shellScript = "diff \"${PODS_ROOT}/../Podfile.lock\" \"${PODS_ROOT}/Manifest.lock\" > /dev/null\nif [ $? != 0 ] ; then\n    # print error to STDERR\n    echo \"error: The sandbox is not in sync with the Podfile.lock. Run 'pod install' or update your CocoaPods installation.\" >&2\n    exit 1\nfi\n";
			showEnvVarsInLog = 0;
		};
		A4F1E978F0A72E15D4944353 /* [CP] Copy Pods Resources */ = {
			isa = PBXShellScriptBuildPhase;
			buildActionMask = 2147483647;
			files = (
			);
			inputPaths = (
			);
			name = "[CP] Copy Pods Resources";
			outputPaths = (
			);
			runOnlyForDeploymentPostprocessing = 0;
			shellPath = /bin/sh;
			shellScript = "\"${SRCROOT}/Pods/Target Support Files/Pods-Weather/Pods-Weather-resources.sh\"\n";
			showEnvVarsInLog = 0;
		};
/* End PBXShellScriptBuildPhase section */

/* Begin PBXSourcesBuildPhase section */
		E7A52F571DB53A620052AC36 /* Sources */ = {
			isa = PBXSourcesBuildPhase;
			buildActionMask = 2147483647;
			files = (
				E7A52F631DB53A620052AC36 /* HomePlaceViewController.swift in Sources */,
				E7A52F5F1DB53A620052AC36 /* AppDelegate.swift in Sources */,
				E7A52F611DB53A620052AC36 /* CurrentPlaceViewController.swift in Sources */,
				E76893821DBA28480021B219 /* WeatherModel.swift in Sources */,
				E76893801DBA229D0021B219 /* Forecast.swift in Sources */,
			);
			runOnlyForDeploymentPostprocessing = 0;
		};
/* End PBXSourcesBuildPhase section */

/* Begin PBXVariantGroup section */
		E7A52F641DB53A620052AC36 /* Main.storyboard */ = {
			isa = PBXVariantGroup;
			children = (
				E7A52F651DB53A620052AC36 /* Base */,
			);
			name = Main.storyboard;
			sourceTree = "<group>";
		};
		E7A52F691DB53A620052AC36 /* LaunchScreen.storyboard */ = {
			isa = PBXVariantGroup;
			children = (
				E7A52F6A1DB53A620052AC36 /* Base */,
			);
			name = LaunchScreen.storyboard;
			sourceTree = "<group>";
		};
/* End PBXVariantGroup section */

/* Begin XCBuildConfiguration section */
		E7A52F6D1DB53A620052AC36 /* Debug */ = {
			isa = XCBuildConfiguration;
			buildSettings = {
				ALWAYS_SEARCH_USER_PATHS = NO;
				CLANG_ANALYZER_NONNULL = YES;
				CLANG_CXX_LANGUAGE_STANDARD = "gnu++0x";
				CLANG_CXX_LIBRARY = "libc++";
				CLANG_ENABLE_MODULES = YES;
				CLANG_ENABLE_OBJC_ARC = YES;
				CLANG_WARN_BOOL_CONVERSION = YES;
				CLANG_WARN_CONSTANT_CONVERSION = YES;
				CLANG_WARN_DIRECT_OBJC_ISA_USAGE = YES_ERROR;
				CLANG_WARN_DOCUMENTATION_COMMENTS = YES;
				CLANG_WARN_EMPTY_BODY = YES;
				CLANG_WARN_ENUM_CONVERSION = YES;
				CLANG_WARN_INFINITE_RECURSION = YES;
				CLANG_WARN_INT_CONVERSION = YES;
				CLANG_WARN_OBJC_ROOT_CLASS = YES_ERROR;
				CLANG_WARN_SUSPICIOUS_MOVES = YES;
				CLANG_WARN_UNREACHABLE_CODE = YES;
				CLANG_WARN__DUPLICATE_METHOD_MATCH = YES;
				"CODE_SIGN_IDENTITY[sdk=iphoneos*]" = "iPhone Developer";
				COPY_PHASE_STRIP = NO;
				DEBUG_INFORMATION_FORMAT = dwarf;
				ENABLE_STRICT_OBJC_MSGSEND = YES;
				ENABLE_TESTABILITY = YES;
				GCC_C_LANGUAGE_STANDARD = gnu99;
				GCC_DYNAMIC_NO_PIC = NO;
				GCC_NO_COMMON_BLOCKS = YES;
				GCC_OPTIMIZATION_LEVEL = 0;
				GCC_PREPROCESSOR_DEFINITIONS = (
					"DEBUG=1",
					"$(inherited)",
				);
				GCC_WARN_64_TO_32_BIT_CONVERSION = YES;
				GCC_WARN_ABOUT_RETURN_TYPE = YES_ERROR;
				GCC_WARN_UNDECLARED_SELECTOR = YES;
				GCC_WARN_UNINITIALIZED_AUTOS = YES_AGGRESSIVE;
				GCC_WARN_UNUSED_FUNCTION = YES;
				GCC_WARN_UNUSED_VARIABLE = YES;
				IPHONEOS_DEPLOYMENT_TARGET = 10.0;
				MTL_ENABLE_DEBUG_INFO = YES;
				ONLY_ACTIVE_ARCH = YES;
				SDKROOT = iphoneos;
				SWIFT_ACTIVE_COMPILATION_CONDITIONS = DEBUG;
				SWIFT_OPTIMIZATION_LEVEL = "-Onone";
				TARGETED_DEVICE_FAMILY = "1,2";
			};
			name = Debug;
		};
		E7A52F6E1DB53A620052AC36 /* Release */ = {
			isa = XCBuildConfiguration;
			buildSettings = {
				ALWAYS_SEARCH_USER_PATHS = NO;
				CLANG_ANALYZER_NONNULL = YES;
				CLANG_CXX_LANGUAGE_STANDARD = "gnu++0x";
				CLANG_CXX_LIBRARY = "libc++";
				CLANG_ENABLE_MODULES = YES;
				CLANG_ENABLE_OBJC_ARC = YES;
				CLANG_WARN_BOOL_CONVERSION = YES;
				CLANG_WARN_CONSTANT_CONVERSION = YES;
				CLANG_WARN_DIRECT_OBJC_ISA_USAGE = YES_ERROR;
				CLANG_WARN_DOCUMENTATION_COMMENTS = YES;
				CLANG_WARN_EMPTY_BODY = YES;
				CLANG_WARN_ENUM_CONVERSION = YES;
				CLANG_WARN_INFINITE_RECURSION = YES;
				CLANG_WARN_INT_CONVERSION = YES;
				CLANG_WARN_OBJC_ROOT_CLASS = YES_ERROR;
				CLANG_WARN_SUSPICIOUS_MOVES = YES;
				CLANG_WARN_UNREACHABLE_CODE = YES;
				CLANG_WARN__DUPLICATE_METHOD_MATCH = YES;
				"CODE_SIGN_IDENTITY[sdk=iphoneos*]" = "iPhone Developer";
				COPY_PHASE_STRIP = NO;
				DEBUG_INFORMATION_FORMAT = "dwarf-with-dsym";
				ENABLE_NS_ASSERTIONS = NO;
				ENABLE_STRICT_OBJC_MSGSEND = YES;
				GCC_C_LANGUAGE_STANDARD = gnu99;
				GCC_NO_COMMON_BLOCKS = YES;
				GCC_WARN_64_TO_32_BIT_CONVERSION = YES;
				GCC_WARN_ABOUT_RETURN_TYPE = YES_ERROR;
				GCC_WARN_UNDECLARED_SELECTOR = YES;
				GCC_WARN_UNINITIALIZED_AUTOS = YES_AGGRESSIVE;
				GCC_WARN_UNUSED_FUNCTION = YES;
				GCC_WARN_UNUSED_VARIABLE = YES;
				IPHONEOS_DEPLOYMENT_TARGET = 10.0;
				MTL_ENABLE_DEBUG_INFO = NO;
				SDKROOT = iphoneos;
				SWIFT_OPTIMIZATION_LEVEL = "-Owholemodule";
				TARGETED_DEVICE_FAMILY = "1,2";
				VALIDATE_PRODUCT = YES;
			};
			name = Release;
		};
		E7A52F701DB53A620052AC36 /* Debug */ = {
			isa = XCBuildConfiguration;
			baseConfigurationReference = E6299E2833CC89354FAD2E3B /* Pods-Weather.debug.xcconfig */;
			buildSettings = {
				ASSETCATALOG_COMPILER_APPICON_NAME = AppIcon;
				DEVELOPMENT_TEAM = 25X7RU6WJ8;
				INFOPLIST_FILE = Weather/Info.plist;
				LD_RUNPATH_SEARCH_PATHS = "$(inherited) @executable_path/Frameworks";
				PRODUCT_BUNDLE_IDENTIFIER = com.vladimir.ageev.Weather;
				PRODUCT_NAME = "$(TARGET_NAME)";
				SWIFT_VERSION = 3.0;
			};
			name = Debug;
		};
		E7A52F711DB53A620052AC36 /* Release */ = {
			isa = XCBuildConfiguration;
			baseConfigurationReference = E8402634F96E814F645DF32C /* Pods-Weather.release.xcconfig */;
			buildSettings = {
				ASSETCATALOG_COMPILER_APPICON_NAME = AppIcon;
				DEVELOPMENT_TEAM = 25X7RU6WJ8;
				INFOPLIST_FILE = Weather/Info.plist;
				LD_RUNPATH_SEARCH_PATHS = "$(inherited) @executable_path/Frameworks";
				PRODUCT_BUNDLE_IDENTIFIER = com.vladimir.ageev.Weather;
				PRODUCT_NAME = "$(TARGET_NAME)";
				SWIFT_VERSION = 3.0;
			};
			name = Release;
		};
/* End XCBuildConfiguration section */

/* Begin XCConfigurationList section */
		E7A52F561DB53A620052AC36 /* Build configuration list for PBXProject "Weather" */ = {
			isa = XCConfigurationList;
			buildConfigurations = (
				E7A52F6D1DB53A620052AC36 /* Debug */,
				E7A52F6E1DB53A620052AC36 /* Release */,
			);
			defaultConfigurationIsVisible = 0;
			defaultConfigurationName = Release;
		};
		E7A52F6F1DB53A620052AC36 /* Build configuration list for PBXNativeTarget "Weather" */ = {
			isa = XCConfigurationList;
			buildConfigurations = (
				E7A52F701DB53A620052AC36 /* Debug */,
				E7A52F711DB53A620052AC36 /* Release */,
			);
			defaultConfigurationIsVisible = 0;
			defaultConfigurationName = Release;
		};
/* End XCConfigurationList section */
	};
	rootObject = E7A52F531DB53A620052AC36 /* Project object */;
}
